<?xml version="1.0" encoding="utf-8"?>
<Project ToolsVersion="4.0" xmlns="http://schemas.microsoft.com/developer/msbuild/2003">
  <ItemGroup>
    <Filter Include="collisionAI">
      <UniqueIdentifier>{F9496A46-6882-8646-A04E-79CADF0C40E9}</UniqueIdentifier>
    </Filter>
    <Filter Include="collisionAI\include">
      <UniqueIdentifier>{AA8697CC-8282-6447-A2DF-67C9BE147525}</UniqueIdentifier>
    </Filter>
    <Filter Include="collisionAI\src">
      <UniqueIdentifier>{43675A2C-796A-1948-8E85-5F6C64F02518}</UniqueIdentifier>
    </Filter>
  </ItemGroup>
  <ItemGroup>
    <ClInclude Include="..\..\collisionAI\include\CollisionAgent.h">
      <Filter>collisionAI\include</Filter>
    </ClInclude>
    <ClInclude Include="..\..\collisionAI\include\CollisionAIModule.h">
      <Filter>collisionAI\include</Filter>
    </ClInclude>
  </ItemGroup>
  <ItemGroup>
    <ClCompile Include="..\..\collisionAI\src\CollisionAgent.cpp">
      <Filter>collisionAI\src</Filter>
    </ClCompile>
    <ClCompile Include="..\..\collisionAI\src\CollisionAIModule.cpp">
      <Filter>collisionAI\src</Filter>
    </ClCompile>
  </ItemGroup>
</Project>
