<?xml version="1.0" encoding="utf-8"?>
<Project ToolsVersion="4.0" xmlns="http://schemas.microsoft.com/developer/msbuild/2003">
  <ItemGroup>
    <Filter Include="steersimlib">
      <UniqueIdentifier>{1FDE1D63-8A8A-8740-8896-1C6D75480F9E}</UniqueIdentifier>
    </Filter>
    <Filter Include="steersimlib\include">
      <UniqueIdentifier>{114BCE78-3912-6C4F-B5D9-0D6C4829B2A6}</UniqueIdentifier>
    </Filter>
    <Filter Include="steersimlib\include\core">
      <UniqueIdentifier>{B03A5C09-91E8-D243-B8F9-7F782F5E8C39}</UniqueIdentifier>
    </Filter>
    <Filter Include="steersimlib\include\qtgui">
      <UniqueIdentifier>{4C104777-866E-B444-8727-14B0C1222CF6}</UniqueIdentifier>
    </Filter>
    <Filter Include="steersimlib\src">
      <UniqueIdentifier>{590C4C38-6E36-1D4F-8CDA-CEB3F1E18944}</UniqueIdentifier>
    </Filter>
  </ItemGroup>
  <ItemGroup>
    <ClInclude Include="..\..\steersimlib\include\core\CommandLineEngineDriver.h">
      <Filter>steersimlib\include\core</Filter>
    </ClInclude>
    <ClInclude Include="..\..\steersimlib\include\core\GLFWEngineDriver.h">
      <Filter>steersimlib\include\core</Filter>
    </ClInclude>
    <ClInclude Include="..\..\steersimlib\include\core\QtEngineDriver.h">
      <Filter>steersimlib\include\core</Filter>
    </ClInclude>
    <ClInclude Include="..\..\steersimlib\include\core\SteerSim.h">
      <Filter>steersimlib\include\core</Filter>
    </ClInclude>
    <ClInclude Include="..\..\steersimlib\include\qtgui\ClockWidget.h">
      <Filter>steersimlib\include\qtgui</Filter>
    </ClInclude>
    <ClInclude Include="..\..\steersimlib\include\qtgui\ConsoleWidget.h">
      <Filter>steersimlib\include\qtgui</Filter>
    </ClInclude>
    <ClInclude Include="..\..\steersimlib\include\qtgui\GlobalEventFilter.h">
      <Filter>steersimlib\include\qtgui</Filter>
    </ClInclude>
    <ClInclude Include="..\..\steersimlib\include\qtgui\GLWidget.h">
      <Filter>steersimlib\include\qtgui</Filter>
    </ClInclude>
    <ClInclude Include="..\..\steersimlib\include\qtgui\ModuleManagerWidget.h">
      <Filter>steersimlib\include\qtgui</Filter>
    </ClInclude>
    <ClInclude Include="..\..\steersimlib\include\qtgui\QtEngineController.h">
      <Filter>steersimlib\include\qtgui</Filter>
    </ClInclude>
    <ClInclude Include="..\..\steersimlib\include\qtgui\RecFilePlayerWidget.h">
      <Filter>steersimlib\include\qtgui</Filter>
    </ClInclude>
    <ClInclude Include="..\..\steersimlib\include\qtgui\TestCasePlayerWidget.h">
      <Filter>steersimlib\include\qtgui</Filter>
    </ClInclude>
    <ClInclude Include="..\..\steersimlib\include\qtgui\Tooltip.h">
      <Filter>steersimlib\include\qtgui</Filter>
    </ClInclude>
  </ItemGroup>
  <ItemGroup>
    <ClCompile Include="..\..\steersimlib\src\ClockWidget.cpp">
      <Filter>steersimlib\src</Filter>
    </ClCompile>
    <ClCompile Include="..\..\steersimlib\src\CommandLineEngineDriver.cpp">
      <Filter>steersimlib\src</Filter>
    </ClCompile>
    <ClCompile Include="..\..\steersimlib\src\ConsoleWidget.cpp">
      <Filter>steersimlib\src</Filter>
    </ClCompile>
    <ClCompile Include="..\..\steersimlib\src\GLFWEngineDriver.cpp">
      <Filter>steersimlib\src</Filter>
    </ClCompile>
    <ClCompile Include="..\..\steersimlib\src\GlobalEventFilter.cpp">
      <Filter>steersimlib\src</Filter>
    </ClCompile>
    <ClCompile Include="..\..\steersimlib\src\GLWidget.cpp">
      <Filter>steersimlib\src</Filter>
    </ClCompile>
    <ClCompile Include="..\..\steersimlib\src\ModuleManagerWidget.cpp">
      <Filter>steersimlib\src</Filter>
    </ClCompile>
    <ClCompile Include="..\..\steersimlib\src\QtEngineController.cpp">
      <Filter>steersimlib\src</Filter>
    </ClCompile>
    <ClCompile Include="..\..\steersimlib\src\QtEngineDriver.cpp">
      <Filter>steersimlib\src</Filter>
    </ClCompile>
    <ClCompile Include="..\..\steersimlib\src\RecFilePlayerWidget.cpp">
      <Filter>steersimlib\src</Filter>
    </ClCompile>
    <ClCompile Include="..\..\steersimlib\src\SteerSim.cpp">
      <Filter>steersimlib\src</Filter>
    </ClCompile>
    <ClCompile Include="..\..\steersimlib\src\TestCasePlayerWidget.cpp">
      <Filter>steersimlib\src</Filter>
    </ClCompile>
  </ItemGroup>
</Project>
