<?xml version="1.0" encoding="utf-8"?>
<Project ToolsVersion="4.0" xmlns="http://schemas.microsoft.com/developer/msbuild/2003">
  <ItemGroup>
    <Filter Include="external">
      <UniqueIdentifier>{BFB75EF0-36C8-384E-BF05-384EB5A50EF9}</UniqueIdentifier>
    </Filter>
    <Filter Include="external\tinyxml">
      <UniqueIdentifier>{E5BE6AFA-EBC3-A746-A991-969F8471583B}</UniqueIdentifier>
    </Filter>
  </ItemGroup>
  <ItemGroup>
    <ClInclude Include="..\..\external\tinyxml\ticpp.h">
      <Filter>external\tinyxml</Filter>
    </ClInclude>
    <ClInclude Include="..\..\external\tinyxml\ticpprc.h">
      <Filter>external\tinyxml</Filter>
    </ClInclude>
    <ClInclude Include="..\..\external\tinyxml\tinystr.h">
      <Filter>external\tinyxml</Filter>
    </ClInclude>
    <ClInclude Include="..\..\external\tinyxml\tinyxml.h">
      <Filter>external\tinyxml</Filter>
    </ClInclude>
  </ItemGroup>
  <ItemGroup>
    <ClCompile Include="..\..\external\tinyxml\ticpp.cpp">
      <Filter>external\tinyxml</Filter>
    </ClCompile>
    <ClCompile Include="..\..\external\tinyxml\tinystr.cpp">
      <Filter>external\tinyxml</Filter>
    </ClCompile>
    <ClCompile Include="..\..\external\tinyxml\tinyxml.cpp">
      <Filter>external\tinyxml</Filter>
    </ClCompile>
    <ClCompile Include="..\..\external\tinyxml\tinyxmlerror.cpp">
      <Filter>external\tinyxml</Filter>
    </ClCompile>
    <ClCompile Include="..\..\external\tinyxml\tinyxmlparser.cpp">
      <Filter>external\tinyxml</Filter>
    </ClCompile>
  </ItemGroup>
</Project>
